// !$*UTF8*$!
{
	archiveVersion = 1;
	classes = {
	};
	objectVersion = 50;
	objects = {

/* Begin PBXBuildFile section */
		B803F44B256624EA000866AB /* main.swift in Sources */ = {isa = PBXBuildFile; fileRef = B803F44A256624EA000866AB /* main.swift */; };
		B803F598256AFF56000866AB /* Secrets.swift in Sources */ = {isa = PBXBuildFile; fileRef = B803F597256AFF56000866AB /* Secrets.swift */; };
		B82141B4256E1327006F5596 /* APIRequest.swift in Sources */ = {isa = PBXBuildFile; fileRef = B82141B3256E1327006F5596 /* APIRequest.swift */; };
		B82141B7256E133B006F5596 /* GetUser.swift in Sources */ = {isa = PBXBuildFile; fileRef = B82141B6256E133B006F5596 /* GetUser.swift */; };
		B82141BB256E1365006F5596 /* Gateway.swift in Sources */ = {isa = PBXBuildFile; fileRef = B82141BA256E1365006F5596 /* Gateway.swift */; };
		B82141BE256E1372006F5596 /* GetGateway.swift in Sources */ = {isa = PBXBuildFile; fileRef = B82141BD256E1372006F5596 /* GetGateway.swift */; };
		B82141C1256E1380006F5596 /* User.swift in Sources */ = {isa = PBXBuildFile; fileRef = B82141C0256E1380006F5596 /* User.swift */; };
		B82141C4256E138F006F5596 /* APIClient.swift in Sources */ = {isa = PBXBuildFile; fileRef = B82141C3256E138F006F5596 /* APIClient.swift */; };
		B82141C7256E13A1006F5596 /* DiscordAPI.swift in Sources */ = {isa = PBXBuildFile; fileRef = B82141C6256E13A1006F5596 /* DiscordAPI.swift */; };
		B82141CA256E13CB006F5596 /* GatewayMessage.swift in Sources */ = {isa = PBXBuildFile; fileRef = B82141C9256E13CB006F5596 /* GatewayMessage.swift */; };
		B82141CD256E13FB006F5596 /* Payload.swift in Sources */ = {isa = PBXBuildFile; fileRef = B82141CC256E13FB006F5596 /* Payload.swift */; };
		B82141D1256E1420006F5596 /* DiscordEvent.swift in Sources */ = {isa = PBXBuildFile; fileRef = B82141D0256E1420006F5596 /* DiscordEvent.swift */; };
		B82141D4256E14B9006F5596 /* Guild.swift in Sources */ = {isa = PBXBuildFile; fileRef = B82141D3256E14B9006F5596 /* Guild.swift */; };
		B82141D7256E14C6006F5596 /* HelloPayload.swift in Sources */ = {isa = PBXBuildFile; fileRef = B82141D6256E14C6006F5596 /* HelloPayload.swift */; };
		B82141DF256E15BB006F5596 /* DiscordGateway.swift in Sources */ = {isa = PBXBuildFile; fileRef = B82141DE256E15BB006F5596 /* DiscordGateway.swift */; };
		B8831B832575674E00749257 /* HeartbeatCommand.swift in Sources */ = {isa = PBXBuildFile; fileRef = B8831B822575674E00749257 /* HeartbeatCommand.swift */; };
		B8831B932575685300749257 /* DiscordGateway.swift in Sources */ = {isa = PBXBuildFile; fileRef = B82141DE256E15BB006F5596 /* DiscordGateway.swift */; };
		B8831B992575685400749257 /* DiscordGateway.swift in Sources */ = {isa = PBXBuildFile; fileRef = B82141DE256E15BB006F5596 /* DiscordGateway.swift */; };
		B8831B9F2575685700749257 /* HeartbeatCommand.swift in Sources */ = {isa = PBXBuildFile; fileRef = B8831B822575674E00749257 /* HeartbeatCommand.swift */; };
		B8831BA52575685800749257 /* HeartbeatCommand.swift in Sources */ = {isa = PBXBuildFile; fileRef = B8831B822575674E00749257 /* HeartbeatCommand.swift */; };
		B883310925CF5A4F00832538 /* ToastView.swift in Sources */ = {isa = PBXBuildFile; fileRef = B883310825CF5A4E00832538 /* ToastView.swift */; };
		B883310A25CF5A4F00832538 /* ToastView.swift in Sources */ = {isa = PBXBuildFile; fileRef = B883310825CF5A4E00832538 /* ToastView.swift */; };
		B89571C4256EC7890026FBC6 /* ReadyPayload.swift in Sources */ = {isa = PBXBuildFile; fileRef = B89571C3256EC7890026FBC6 /* ReadyPayload.swift */; };
		B89571C7256F36AA0026FBC6 /* WebSocketGateway.swift in Sources */ = {isa = PBXBuildFile; fileRef = B89571C6256F36AA0026FBC6 /* WebSocketGateway.swift */; };
		B89571CA257194FE0026FBC6 /* GetGuildRequest.swift in Sources */ = {isa = PBXBuildFile; fileRef = B89571C9257194FE0026FBC6 /* GetGuildRequest.swift */; };
		B89571E92571E9A40026FBC6 /* Tests_iOS.swift in Sources */ = {isa = PBXBuildFile; fileRef = B89571E82571E9A40026FBC6 /* Tests_iOS.swift */; };
		B89571F42571E9A40026FBC6 /* Tests_macOS.swift in Sources */ = {isa = PBXBuildFile; fileRef = B89571F32571E9A40026FBC6 /* Tests_macOS.swift */; };
		B89571F62571E9A40026FBC6 /* discord_voiceApp.swift in Sources */ = {isa = PBXBuildFile; fileRef = B89571CE2571E9A10026FBC6 /* discord_voiceApp.swift */; };
		B89571F72571E9A40026FBC6 /* discord_voiceApp.swift in Sources */ = {isa = PBXBuildFile; fileRef = B89571CE2571E9A10026FBC6 /* discord_voiceApp.swift */; };
		B89571F82571E9A40026FBC6 /* ContentView.swift in Sources */ = {isa = PBXBuildFile; fileRef = B89571CF2571E9A10026FBC6 /* ContentView.swift */; };
		B89571F92571E9A40026FBC6 /* ContentView.swift in Sources */ = {isa = PBXBuildFile; fileRef = B89571CF2571E9A10026FBC6 /* ContentView.swift */; };
		B89571FA2571E9A40026FBC6 /* Assets.xcassets in Resources */ = {isa = PBXBuildFile; fileRef = B89571D02571E9A40026FBC6 /* Assets.xcassets */; };
		B89571FB2571E9A40026FBC6 /* Assets.xcassets in Resources */ = {isa = PBXBuildFile; fileRef = B89571D02571E9A40026FBC6 /* Assets.xcassets */; };
		B895720E2571EA0E0026FBC6 /* Guild.swift in Sources */ = {isa = PBXBuildFile; fileRef = B82141D3256E14B9006F5596 /* Guild.swift */; };
		B895720F2571EA0E0026FBC6 /* DiscordAPI.swift in Sources */ = {isa = PBXBuildFile; fileRef = B82141C6256E13A1006F5596 /* DiscordAPI.swift */; };
		B89572102571EA0E0026FBC6 /* APIClient.swift in Sources */ = {isa = PBXBuildFile; fileRef = B82141C3256E138F006F5596 /* APIClient.swift */; };
		B89572112571EA0E0026FBC6 /* User.swift in Sources */ = {isa = PBXBuildFile; fileRef = B82141C0256E1380006F5596 /* User.swift */; };
		B89572122571EA0E0026FBC6 /* GatewayMessage.swift in Sources */ = {isa = PBXBuildFile; fileRef = B82141C9256E13CB006F5596 /* GatewayMessage.swift */; };
		B89572132571EA0E0026FBC6 /* Secrets.swift in Sources */ = {isa = PBXBuildFile; fileRef = B803F597256AFF56000866AB /* Secrets.swift */; };
		B89572142571EA0E0026FBC6 /* Gateway.swift in Sources */ = {isa = PBXBuildFile; fileRef = B82141BA256E1365006F5596 /* Gateway.swift */; };
		B89572162571EA0E0026FBC6 /* WebSocketGateway.swift in Sources */ = {isa = PBXBuildFile; fileRef = B89571C6256F36AA0026FBC6 /* WebSocketGateway.swift */; };
		B89572172571EA0E0026FBC6 /* GetGuildRequest.swift in Sources */ = {isa = PBXBuildFile; fileRef = B89571C9257194FE0026FBC6 /* GetGuildRequest.swift */; };
		B89572182571EA0E0026FBC6 /* GetUser.swift in Sources */ = {isa = PBXBuildFile; fileRef = B82141B6256E133B006F5596 /* GetUser.swift */; };
		B89572192571EA0E0026FBC6 /* Payload.swift in Sources */ = {isa = PBXBuildFile; fileRef = B82141CC256E13FB006F5596 /* Payload.swift */; };
		B895721A2571EA0E0026FBC6 /* DiscordEvent.swift in Sources */ = {isa = PBXBuildFile; fileRef = B82141D0256E1420006F5596 /* DiscordEvent.swift */; };
		B895721B2571EA0E0026FBC6 /* ReadyPayload.swift in Sources */ = {isa = PBXBuildFile; fileRef = B89571C3256EC7890026FBC6 /* ReadyPayload.swift */; };
		B895721C2571EA0E0026FBC6 /* GetGateway.swift in Sources */ = {isa = PBXBuildFile; fileRef = B82141BD256E1372006F5596 /* GetGateway.swift */; };
		B895721D2571EA0E0026FBC6 /* APIRequest.swift in Sources */ = {isa = PBXBuildFile; fileRef = B82141B3256E1327006F5596 /* APIRequest.swift */; };
		B895721E2571EA0E0026FBC6 /* HelloPayload.swift in Sources */ = {isa = PBXBuildFile; fileRef = B82141D6256E14C6006F5596 /* HelloPayload.swift */; };
		B89572252571EA0E0026FBC6 /* Guild.swift in Sources */ = {isa = PBXBuildFile; fileRef = B82141D3256E14B9006F5596 /* Guild.swift */; };
		B89572262571EA0E0026FBC6 /* DiscordAPI.swift in Sources */ = {isa = PBXBuildFile; fileRef = B82141C6256E13A1006F5596 /* DiscordAPI.swift */; };
		B89572272571EA0E0026FBC6 /* APIClient.swift in Sources */ = {isa = PBXBuildFile; fileRef = B82141C3256E138F006F5596 /* APIClient.swift */; };
		B89572282571EA0E0026FBC6 /* User.swift in Sources */ = {isa = PBXBuildFile; fileRef = B82141C0256E1380006F5596 /* User.swift */; };
		B89572292571EA0E0026FBC6 /* GatewayMessage.swift in Sources */ = {isa = PBXBuildFile; fileRef = B82141C9256E13CB006F5596 /* GatewayMessage.swift */; };
		B895722A2571EA0E0026FBC6 /* Secrets.swift in Sources */ = {isa = PBXBuildFile; fileRef = B803F597256AFF56000866AB /* Secrets.swift */; };
		B895722B2571EA0E0026FBC6 /* Gateway.swift in Sources */ = {isa = PBXBuildFile; fileRef = B82141BA256E1365006F5596 /* Gateway.swift */; };
		B895722D2571EA0E0026FBC6 /* WebSocketGateway.swift in Sources */ = {isa = PBXBuildFile; fileRef = B89571C6256F36AA0026FBC6 /* WebSocketGateway.swift */; };
		B895722E2571EA0E0026FBC6 /* GetGuildRequest.swift in Sources */ = {isa = PBXBuildFile; fileRef = B89571C9257194FE0026FBC6 /* GetGuildRequest.swift */; };
		B895722F2571EA0E0026FBC6 /* GetUser.swift in Sources */ = {isa = PBXBuildFile; fileRef = B82141B6256E133B006F5596 /* GetUser.swift */; };
		B89572312571EA0E0026FBC6 /* DiscordEvent.swift in Sources */ = {isa = PBXBuildFile; fileRef = B82141D0256E1420006F5596 /* DiscordEvent.swift */; };
		B89572322571EA0E0026FBC6 /* ReadyPayload.swift in Sources */ = {isa = PBXBuildFile; fileRef = B89571C3256EC7890026FBC6 /* ReadyPayload.swift */; };
		B89572332571EA0E0026FBC6 /* GetGateway.swift in Sources */ = {isa = PBXBuildFile; fileRef = B82141BD256E1372006F5596 /* GetGateway.swift */; };
		B89572342571EA0E0026FBC6 /* APIRequest.swift in Sources */ = {isa = PBXBuildFile; fileRef = B82141B3256E1327006F5596 /* APIRequest.swift */; };
		B89572352571EA0E0026FBC6 /* HelloPayload.swift in Sources */ = {isa = PBXBuildFile; fileRef = B82141D6256E14C6006F5596 /* HelloPayload.swift */; };
		B89572492572E2FE0026FBC6 /* ContentState.swift in Sources */ = {isa = PBXBuildFile; fileRef = B895723D2572E2D60026FBC6 /* ContentState.swift */; };
		B895724F2572E2FF0026FBC6 /* ContentState.swift in Sources */ = {isa = PBXBuildFile; fileRef = B895723D2572E2D60026FBC6 /* ContentState.swift */; };
		B895725D2572E3C40026FBC6 /* View+Extensions.swift in Sources */ = {isa = PBXBuildFile; fileRef = B89572562572E3B00026FBC6 /* View+Extensions.swift */; };
		B89572632572E3C40026FBC6 /* View+Extensions.swift in Sources */ = {isa = PBXBuildFile; fileRef = B89572562572E3B00026FBC6 /* View+Extensions.swift */; };
		B89572862572EFAE0026FBC6 /* EventListView.swift in Sources */ = {isa = PBXBuildFile; fileRef = B89572852572EFAE0026FBC6 /* EventListView.swift */; };
		B89572872572EFAE0026FBC6 /* EventListView.swift in Sources */ = {isa = PBXBuildFile; fileRef = B89572852572EFAE0026FBC6 /* EventListView.swift */; };
		B89572932572F5E40026FBC6 /* JsonViewerViewController.swift in Sources */ = {isa = PBXBuildFile; fileRef = B89572922572F5E40026FBC6 /* JsonViewerViewController.swift */; };
		B89572942572F5E40026FBC6 /* JsonViewerViewController.swift in Sources */ = {isa = PBXBuildFile; fileRef = B89572922572F5E40026FBC6 /* JsonViewerViewController.swift */; };
		B8AB84B2257EE6E2005DDA97 /* GuildPreviewView.swift in Sources */ = {isa = PBXBuildFile; fileRef = B8AB84B1257EE6E2005DDA97 /* GuildPreviewView.swift */; };
		B8AB84B3257EE6E2005DDA97 /* GuildPreviewView.swift in Sources */ = {isa = PBXBuildFile; fileRef = B8AB84B1257EE6E2005DDA97 /* GuildPreviewView.swift */; };
		B8AB850B258411AE005DDA97 /* ConnectionStatusView.swift in Sources */ = {isa = PBXBuildFile; fileRef = B8AB850A258411AE005DDA97 /* ConnectionStatusView.swift */; };
		B8AB850C258411AE005DDA97 /* ConnectionStatusView.swift in Sources */ = {isa = PBXBuildFile; fileRef = B8AB850A258411AE005DDA97 /* ConnectionStatusView.swift */; };
		B8B0D1AB2575A44C00B25400 /* Payload.swift in Sources */ = {isa = PBXBuildFile; fileRef = B82141CC256E13FB006F5596 /* Payload.swift */; };
		B8B0D1C02575A69A00B25400 /* IdentifyCommand.swift in Sources */ = {isa = PBXBuildFile; fileRef = B82141D9256E14E0006F5596 /* IdentifyCommand.swift */; };
		B8B0D1C12575A69A00B25400 /* IdentifyCommand.swift in Sources */ = {isa = PBXBuildFile; fileRef = B82141D9256E14E0006F5596 /* IdentifyCommand.swift */; };
		B8B0D1C22575A69B00B25400 /* IdentifyCommand.swift in Sources */ = {isa = PBXBuildFile; fileRef = B82141D9256E14E0006F5596 /* IdentifyCommand.swift */; };
		B8B0D1C92575AABE00B25400 /* Command.swift in Sources */ = {isa = PBXBuildFile; fileRef = B8B0D1C82575AABE00B25400 /* Command.swift */; };
		B8B0D1CA2575AABE00B25400 /* Command.swift in Sources */ = {isa = PBXBuildFile; fileRef = B8B0D1C82575AABE00B25400 /* Command.swift */; };
		B8B0D1CB2575AABE00B25400 /* Command.swift in Sources */ = {isa = PBXBuildFile; fileRef = B8B0D1C82575AABE00B25400 /* Command.swift */; };
		B8B0D1D22575AAD200B25400 /* Event.swift in Sources */ = {isa = PBXBuildFile; fileRef = B8B0D1D12575AAD200B25400 /* Event.swift */; };
		B8B0D1D32575AAD200B25400 /* Event.swift in Sources */ = {isa = PBXBuildFile; fileRef = B8B0D1D12575AAD200B25400 /* Event.swift */; };
		B8B0D1D42575AAD200B25400 /* Event.swift in Sources */ = {isa = PBXBuildFile; fileRef = B8B0D1D12575AAD200B25400 /* Event.swift */; };
		B8B0D1EB2575B89E00B25400 /* RequestGuildMembersCommand.swift in Sources */ = {isa = PBXBuildFile; fileRef = B8B0D1EA2575B89E00B25400 /* RequestGuildMembersCommand.swift */; };
		B8B0D1EC2575B89E00B25400 /* RequestGuildMembersCommand.swift in Sources */ = {isa = PBXBuildFile; fileRef = B8B0D1EA2575B89E00B25400 /* RequestGuildMembersCommand.swift */; };
		B8B0D1ED2575B89E00B25400 /* RequestGuildMembersCommand.swift in Sources */ = {isa = PBXBuildFile; fileRef = B8B0D1EA2575B89E00B25400 /* RequestGuildMembersCommand.swift */; };
		B8B0D1F92575BD4C00B25400 /* Snowflake.swift in Sources */ = {isa = PBXBuildFile; fileRef = B8B0D1F82575BD4C00B25400 /* Snowflake.swift */; };
		B8B0D1FA2575BD4C00B25400 /* Snowflake.swift in Sources */ = {isa = PBXBuildFile; fileRef = B8B0D1F82575BD4C00B25400 /* Snowflake.swift */; };
		B8B0D1FB2575BD4C00B25400 /* Snowflake.swift in Sources */ = {isa = PBXBuildFile; fileRef = B8B0D1F82575BD4C00B25400 /* Snowflake.swift */; };
		B8CF8C2C25D0B77E0011C7A0 /* GetGuildIconRequest.swift in Sources */ = {isa = PBXBuildFile; fileRef = B8CF8C2B25D0B77E0011C7A0 /* GetGuildIconRequest.swift */; };
		B8CF8C4125D0BC290011C7A0 /* GetGuildIconRequest.swift in Sources */ = {isa = PBXBuildFile; fileRef = B8CF8C2B25D0B77E0011C7A0 /* GetGuildIconRequest.swift */; };
		B8CF8C4725D0BC290011C7A0 /* GetGuildIconRequest.swift in Sources */ = {isa = PBXBuildFile; fileRef = B8CF8C2B25D0B77E0011C7A0 /* GetGuildIconRequest.swift */; };
		B8CF8C5325D0F3E00011C7A0 /* DiscordAPIGateway.swift in Sources */ = {isa = PBXBuildFile; fileRef = B8CF8C5225D0F3E00011C7A0 /* DiscordAPIGateway.swift */; };
		B8CF8C5425D0F3E00011C7A0 /* DiscordAPIGateway.swift in Sources */ = {isa = PBXBuildFile; fileRef = B8CF8C5225D0F3E00011C7A0 /* DiscordAPIGateway.swift */; };
		B8CF8C5B25D0F68E0011C7A0 /* VerticallyCenteredLabelImageAlignmentStyle.swift in Sources */ = {isa = PBXBuildFile; fileRef = B8CF8C5A25D0F68E0011C7A0 /* VerticallyCenteredLabelImageAlignmentStyle.swift */; };
		B8CF8C5C25D0F68E0011C7A0 /* VerticallyCenteredLabelImageAlignmentStyle.swift in Sources */ = {isa = PBXBuildFile; fileRef = B8CF8C5A25D0F68E0011C7A0 /* VerticallyCenteredLabelImageAlignmentStyle.swift */; };
/* End PBXBuildFile section */

/* Begin PBXContainerItemProxy section */
		B89571E52571E9A40026FBC6 /* PBXContainerItemProxy */ = {
			isa = PBXContainerItemProxy;
			containerPortal = B803F43F256624EA000866AB /* Project object */;
			proxyType = 1;
			remoteGlobalIDString = B89571D42571E9A40026FBC6;
			remoteInfo = "discord-voice (iOS)";
		};
		B89571F02571E9A40026FBC6 /* PBXContainerItemProxy */ = {
			isa = PBXContainerItemProxy;
			containerPortal = B803F43F256624EA000866AB /* Project object */;
			proxyType = 1;
			remoteGlobalIDString = B89571DB2571E9A40026FBC6;
			remoteInfo = "discord-voice (macOS)";
		};
/* End PBXContainerItemProxy section */

/* Begin PBXCopyFilesBuildPhase section */
		B803F445256624EA000866AB /* CopyFiles */ = {
			isa = PBXCopyFilesBuildPhase;
			buildActionMask = 2147483647;
			dstPath = /usr/share/man/man1/;
			dstSubfolderSpec = 0;
			files = (
			);
			runOnlyForDeploymentPostprocessing = 1;
		};
/* End PBXCopyFilesBuildPhase section */

/* Begin PBXFileReference section */
		B803F447256624EA000866AB /* DiscordVoice */ = {isa = PBXFileReference; explicitFileType = "compiled.mach-o.executable"; includeInIndex = 0; path = DiscordVoice; sourceTree = BUILT_PRODUCTS_DIR; };
		B803F44A256624EA000866AB /* main.swift */ = {isa = PBXFileReference; lastKnownFileType = sourcecode.swift; path = main.swift; sourceTree = "<group>"; };
		B803F597256AFF56000866AB /* Secrets.swift */ = {isa = PBXFileReference; lastKnownFileType = sourcecode.swift; path = Secrets.swift; sourceTree = "<group>"; };
		B82141B3256E1327006F5596 /* APIRequest.swift */ = {isa = PBXFileReference; lastKnownFileType = sourcecode.swift; path = APIRequest.swift; sourceTree = "<group>"; };
		B82141B6256E133B006F5596 /* GetUser.swift */ = {isa = PBXFileReference; lastKnownFileType = sourcecode.swift; path = GetUser.swift; sourceTree = "<group>"; };
		B82141BA256E1365006F5596 /* Gateway.swift */ = {isa = PBXFileReference; lastKnownFileType = sourcecode.swift; path = Gateway.swift; sourceTree = "<group>"; };
		B82141BD256E1372006F5596 /* GetGateway.swift */ = {isa = PBXFileReference; lastKnownFileType = sourcecode.swift; path = GetGateway.swift; sourceTree = "<group>"; };
		B82141C0256E1380006F5596 /* User.swift */ = {isa = PBXFileReference; lastKnownFileType = sourcecode.swift; path = User.swift; sourceTree = "<group>"; };
		B82141C3256E138F006F5596 /* APIClient.swift */ = {isa = PBXFileReference; lastKnownFileType = sourcecode.swift; path = APIClient.swift; sourceTree = "<group>"; };
		B82141C6256E13A1006F5596 /* DiscordAPI.swift */ = {isa = PBXFileReference; lastKnownFileType = sourcecode.swift; path = DiscordAPI.swift; sourceTree = "<group>"; };
		B82141C9256E13CB006F5596 /* GatewayMessage.swift */ = {isa = PBXFileReference; lastKnownFileType = sourcecode.swift; path = GatewayMessage.swift; sourceTree = "<group>"; };
		B82141CC256E13FB006F5596 /* Payload.swift */ = {isa = PBXFileReference; lastKnownFileType = sourcecode.swift; path = Payload.swift; sourceTree = "<group>"; };
		B82141D0256E1420006F5596 /* DiscordEvent.swift */ = {isa = PBXFileReference; lastKnownFileType = sourcecode.swift; path = DiscordEvent.swift; sourceTree = "<group>"; };
		B82141D3256E14B9006F5596 /* Guild.swift */ = {isa = PBXFileReference; lastKnownFileType = sourcecode.swift; path = Guild.swift; sourceTree = "<group>"; };
		B82141D6256E14C6006F5596 /* HelloPayload.swift */ = {isa = PBXFileReference; lastKnownFileType = sourcecode.swift; path = HelloPayload.swift; sourceTree = "<group>"; };
		B82141D9256E14E0006F5596 /* IdentifyCommand.swift */ = {isa = PBXFileReference; lastKnownFileType = sourcecode.swift; path = IdentifyCommand.swift; sourceTree = "<group>"; };
		B82141DE256E15BB006F5596 /* DiscordGateway.swift */ = {isa = PBXFileReference; lastKnownFileType = sourcecode.swift; path = DiscordGateway.swift; sourceTree = "<group>"; };
		B8831B822575674E00749257 /* HeartbeatCommand.swift */ = {isa = PBXFileReference; lastKnownFileType = sourcecode.swift; path = HeartbeatCommand.swift; sourceTree = "<group>"; };
		B883310825CF5A4E00832538 /* ToastView.swift */ = {isa = PBXFileReference; lastKnownFileType = sourcecode.swift; path = ToastView.swift; sourceTree = "<group>"; };
		B89571C3256EC7890026FBC6 /* ReadyPayload.swift */ = {isa = PBXFileReference; lastKnownFileType = sourcecode.swift; path = ReadyPayload.swift; sourceTree = "<group>"; };
		B89571C6256F36AA0026FBC6 /* WebSocketGateway.swift */ = {isa = PBXFileReference; lastKnownFileType = sourcecode.swift; path = WebSocketGateway.swift; sourceTree = "<group>"; };
		B89571C9257194FE0026FBC6 /* GetGuildRequest.swift */ = {isa = PBXFileReference; lastKnownFileType = sourcecode.swift; path = GetGuildRequest.swift; sourceTree = "<group>"; };
		B89571CE2571E9A10026FBC6 /* discord_voiceApp.swift */ = {isa = PBXFileReference; lastKnownFileType = sourcecode.swift; path = discord_voiceApp.swift; sourceTree = "<group>"; };
		B89571CF2571E9A10026FBC6 /* ContentView.swift */ = {isa = PBXFileReference; lastKnownFileType = sourcecode.swift; path = ContentView.swift; sourceTree = "<group>"; };
		B89571D02571E9A40026FBC6 /* Assets.xcassets */ = {isa = PBXFileReference; lastKnownFileType = folder.assetcatalog; path = Assets.xcassets; sourceTree = "<group>"; };
		B89571D52571E9A40026FBC6 /* discord-voice.app */ = {isa = PBXFileReference; explicitFileType = wrapper.application; includeInIndex = 0; path = "discord-voice.app"; sourceTree = BUILT_PRODUCTS_DIR; };
		B89571D72571E9A40026FBC6 /* Info.plist */ = {isa = PBXFileReference; lastKnownFileType = text.plist.xml; path = Info.plist; sourceTree = "<group>"; };
		B89571DC2571E9A40026FBC6 /* discord-voice.app */ = {isa = PBXFileReference; explicitFileType = wrapper.application; includeInIndex = 0; path = "discord-voice.app"; sourceTree = BUILT_PRODUCTS_DIR; };
		B89571DE2571E9A40026FBC6 /* Info.plist */ = {isa = PBXFileReference; lastKnownFileType = text.plist.xml; path = Info.plist; sourceTree = "<group>"; };
		B89571DF2571E9A40026FBC6 /* macOS.entitlements */ = {isa = PBXFileReference; lastKnownFileType = text.plist.entitlements; path = macOS.entitlements; sourceTree = "<group>"; };
		B89571E42571E9A40026FBC6 /* Tests iOS.xctest */ = {isa = PBXFileReference; explicitFileType = wrapper.cfbundle; includeInIndex = 0; path = "Tests iOS.xctest"; sourceTree = BUILT_PRODUCTS_DIR; };
		B89571E82571E9A40026FBC6 /* Tests_iOS.swift */ = {isa = PBXFileReference; lastKnownFileType = sourcecode.swift; path = Tests_iOS.swift; sourceTree = "<group>"; };
		B89571EA2571E9A40026FBC6 /* Info.plist */ = {isa = PBXFileReference; lastKnownFileType = text.plist.xml; path = Info.plist; sourceTree = "<group>"; };
		B89571EF2571E9A40026FBC6 /* Tests macOS.xctest */ = {isa = PBXFileReference; explicitFileType = wrapper.cfbundle; includeInIndex = 0; path = "Tests macOS.xctest"; sourceTree = BUILT_PRODUCTS_DIR; };
		B89571F32571E9A40026FBC6 /* Tests_macOS.swift */ = {isa = PBXFileReference; lastKnownFileType = sourcecode.swift; path = Tests_macOS.swift; sourceTree = "<group>"; };
		B89571F52571E9A40026FBC6 /* Info.plist */ = {isa = PBXFileReference; lastKnownFileType = text.plist.xml; path = Info.plist; sourceTree = "<group>"; };
		B895723D2572E2D60026FBC6 /* ContentState.swift */ = {isa = PBXFileReference; lastKnownFileType = sourcecode.swift; path = ContentState.swift; sourceTree = "<group>"; };
		B89572562572E3B00026FBC6 /* View+Extensions.swift */ = {isa = PBXFileReference; lastKnownFileType = sourcecode.swift; path = "View+Extensions.swift"; sourceTree = "<group>"; };
		B89572852572EFAE0026FBC6 /* EventListView.swift */ = {isa = PBXFileReference; lastKnownFileType = sourcecode.swift; path = EventListView.swift; sourceTree = "<group>"; };
		B89572922572F5E40026FBC6 /* JsonViewerViewController.swift */ = {isa = PBXFileReference; lastKnownFileType = sourcecode.swift; path = JsonViewerViewController.swift; sourceTree = "<group>"; };
		B8AB84B1257EE6E2005DDA97 /* GuildPreviewView.swift */ = {isa = PBXFileReference; lastKnownFileType = sourcecode.swift; path = GuildPreviewView.swift; sourceTree = "<group>"; };
		B8AB850A258411AE005DDA97 /* ConnectionStatusView.swift */ = {isa = PBXFileReference; lastKnownFileType = sourcecode.swift; path = ConnectionStatusView.swift; sourceTree = "<group>"; };
		B8B0D1C82575AABE00B25400 /* Command.swift */ = {isa = PBXFileReference; lastKnownFileType = sourcecode.swift; path = Command.swift; sourceTree = "<group>"; };
		B8B0D1D12575AAD200B25400 /* Event.swift */ = {isa = PBXFileReference; lastKnownFileType = sourcecode.swift; path = Event.swift; sourceTree = "<group>"; };
		B8B0D1EA2575B89E00B25400 /* RequestGuildMembersCommand.swift */ = {isa = PBXFileReference; lastKnownFileType = sourcecode.swift; path = RequestGuildMembersCommand.swift; sourceTree = "<group>"; };
		B8B0D1F82575BD4C00B25400 /* Snowflake.swift */ = {isa = PBXFileReference; lastKnownFileType = sourcecode.swift; path = Snowflake.swift; sourceTree = "<group>"; };
		B8CF8C2B25D0B77E0011C7A0 /* GetGuildIconRequest.swift */ = {isa = PBXFileReference; lastKnownFileType = sourcecode.swift; path = GetGuildIconRequest.swift; sourceTree = "<group>"; };
		B8CF8C5225D0F3E00011C7A0 /* DiscordAPIGateway.swift */ = {isa = PBXFileReference; lastKnownFileType = sourcecode.swift; path = DiscordAPIGateway.swift; sourceTree = "<group>"; };
		B8CF8C5A25D0F68E0011C7A0 /* VerticallyCenteredLabelImageAlignmentStyle.swift */ = {isa = PBXFileReference; lastKnownFileType = sourcecode.swift; path = VerticallyCenteredLabelImageAlignmentStyle.swift; sourceTree = "<group>"; };
/* End PBXFileReference section */

/* Begin PBXFrameworksBuildPhase section */
		B803F444256624EA000866AB /* Frameworks */ = {
			isa = PBXFrameworksBuildPhase;
			buildActionMask = 2147483647;
			files = (
			);
			runOnlyForDeploymentPostprocessing = 0;
		};
		B89571D22571E9A40026FBC6 /* Frameworks */ = {
			isa = PBXFrameworksBuildPhase;
			buildActionMask = 2147483647;
			files = (
			);
			runOnlyForDeploymentPostprocessing = 0;
		};
		B89571D92571E9A40026FBC6 /* Frameworks */ = {
			isa = PBXFrameworksBuildPhase;
			buildActionMask = 2147483647;
			files = (
			);
			runOnlyForDeploymentPostprocessing = 0;
		};
		B89571E12571E9A40026FBC6 /* Frameworks */ = {
			isa = PBXFrameworksBuildPhase;
			buildActionMask = 2147483647;
			files = (
			);
			runOnlyForDeploymentPostprocessing = 0;
		};
		B89571EC2571E9A40026FBC6 /* Frameworks */ = {
			isa = PBXFrameworksBuildPhase;
			buildActionMask = 2147483647;
			files = (
			);
			runOnlyForDeploymentPostprocessing = 0;
		};
/* End PBXFrameworksBuildPhase section */

/* Begin PBXGroup section */
		B803F43E256624EA000866AB = {
			isa = PBXGroup;
			children = (
				B803F449256624EA000866AB /* DiscordVoice */,
				B895726E2572E7340026FBC6 /* App */,
				B803F448256624EA000866AB /* Products */,
			);
			sourceTree = "<group>";
		};
		B803F448256624EA000866AB /* Products */ = {
			isa = PBXGroup;
			children = (
				B803F447256624EA000866AB /* DiscordVoice */,
				B89571D52571E9A40026FBC6 /* discord-voice.app */,
				B89571DC2571E9A40026FBC6 /* discord-voice.app */,
				B89571E42571E9A40026FBC6 /* Tests iOS.xctest */,
				B89571EF2571E9A40026FBC6 /* Tests macOS.xctest */,
			);
			name = Products;
			sourceTree = "<group>";
		};
		B803F449256624EA000866AB /* DiscordVoice */ = {
			isa = PBXGroup;
			children = (
				B82141B1256E1304006F5596 /* DiscordAPI */,
				B82141B9256E1353006F5596 /* Models */,
				B803F44A256624EA000866AB /* main.swift */,
				B803F597256AFF56000866AB /* Secrets.swift */,
			);
			path = DiscordVoice;
			sourceTree = "<group>";
		};
		B82141B1256E1304006F5596 /* DiscordAPI */ = {
			isa = PBXGroup;
			children = (
				B82141DC256E1552006F5596 /* REST */,
				B82141DD256E155C006F5596 /* WebSocket */,
			);
			path = DiscordAPI;
			sourceTree = "<group>";
		};
		B82141B2256E1312006F5596 /* Requests */ = {
			isa = PBXGroup;
			children = (
				B82141B3256E1327006F5596 /* APIRequest.swift */,
				B82141BD256E1372006F5596 /* GetGateway.swift */,
				B89571C9257194FE0026FBC6 /* GetGuildRequest.swift */,
				B82141B6256E133B006F5596 /* GetUser.swift */,
				B8CF8C2B25D0B77E0011C7A0 /* GetGuildIconRequest.swift */,
			);
			path = Requests;
			sourceTree = "<group>";
		};
		B82141B9256E1353006F5596 /* Models */ = {
			isa = PBXGroup;
			children = (
				B8B0D1DF2575AB0400B25400 /* Common */,
				B8B0D17C2575A12B00B25400 /* Commands */,
				B8B0D1872575A1EB00B25400 /* Events */,
				B82141CF256E1406006F5596 /* GatewayMessage */,
			);
			path = Models;
			sourceTree = "<group>";
		};
		B82141CF256E1406006F5596 /* GatewayMessage */ = {
			isa = PBXGroup;
			children = (
				B82141C9256E13CB006F5596 /* GatewayMessage.swift */,
				B82141CC256E13FB006F5596 /* Payload.swift */,
			);
			path = GatewayMessage;
			sourceTree = "<group>";
		};
		B82141DC256E1552006F5596 /* REST */ = {
			isa = PBXGroup;
			children = (
				B82141C3256E138F006F5596 /* APIClient.swift */,
				B82141C6256E13A1006F5596 /* DiscordAPI.swift */,
				B82141B2256E1312006F5596 /* Requests */,
			);
			path = REST;
			sourceTree = "<group>";
		};
		B82141DD256E155C006F5596 /* WebSocket */ = {
			isa = PBXGroup;
			children = (
				B82141DE256E15BB006F5596 /* DiscordGateway.swift */,
				B89571C6256F36AA0026FBC6 /* WebSocketGateway.swift */,
			);
			path = WebSocket;
			sourceTree = "<group>";
		};
		B89571CD2571E9A10026FBC6 /* Shared */ = {
			isa = PBXGroup;
			children = (
				B8AB850A258411AE005DDA97 /* ConnectionStatusView.swift */,
				B895723D2572E2D60026FBC6 /* ContentState.swift */,
				B89571CF2571E9A10026FBC6 /* ContentView.swift */,
				B89571CE2571E9A10026FBC6 /* discord_voiceApp.swift */,
				B8CF8C5225D0F3E00011C7A0 /* DiscordAPIGateway.swift */,
				B89572922572F5E40026FBC6 /* JsonViewerViewController.swift */,
				B89571D02571E9A40026FBC6 /* Assets.xcassets */,
				B89572832572EF820026FBC6 /* EventLog */,
				B89572552572E39E0026FBC6 /* Extensions */,
				B8AB84CC25803457005DDA97 /* Guild Preview */,
				B883310825CF5A4E00832538 /* ToastView.swift */,
				B8CF8C5A25D0F68E0011C7A0 /* VerticallyCenteredLabelImageAlignmentStyle.swift */,
			);
			path = Shared;
			sourceTree = "<group>";
		};
		B89571D62571E9A40026FBC6 /* iOS */ = {
			isa = PBXGroup;
			children = (
				B89571D72571E9A40026FBC6 /* Info.plist */,
			);
			path = iOS;
			sourceTree = "<group>";
		};
		B89571DD2571E9A40026FBC6 /* macOS */ = {
			isa = PBXGroup;
			children = (
				B89571DE2571E9A40026FBC6 /* Info.plist */,
				B89571DF2571E9A40026FBC6 /* macOS.entitlements */,
			);
			path = macOS;
			sourceTree = "<group>";
		};
		B89571E72571E9A40026FBC6 /* Tests iOS */ = {
			isa = PBXGroup;
			children = (
				B89571E82571E9A40026FBC6 /* Tests_iOS.swift */,
				B89571EA2571E9A40026FBC6 /* Info.plist */,
			);
			path = "Tests iOS";
			sourceTree = "<group>";
		};
		B89571F22571E9A40026FBC6 /* Tests macOS */ = {
			isa = PBXGroup;
			children = (
				B89571F32571E9A40026FBC6 /* Tests_macOS.swift */,
				B89571F52571E9A40026FBC6 /* Info.plist */,
			);
			path = "Tests macOS";
			sourceTree = "<group>";
		};
		B89572552572E39E0026FBC6 /* Extensions */ = {
			isa = PBXGroup;
			children = (
				B89572562572E3B00026FBC6 /* View+Extensions.swift */,
			);
			path = Extensions;
			sourceTree = "<group>";
		};
		B895726E2572E7340026FBC6 /* App */ = {
			isa = PBXGroup;
			children = (
				B89571CD2571E9A10026FBC6 /* Shared */,
				B89571D62571E9A40026FBC6 /* iOS */,
				B89571DD2571E9A40026FBC6 /* macOS */,
				B89571E72571E9A40026FBC6 /* Tests iOS */,
				B89571F22571E9A40026FBC6 /* Tests macOS */,
			);
			path = App;
			sourceTree = "<group>";
		};
		B89572832572EF820026FBC6 /* EventLog */ = {
			isa = PBXGroup;
			children = (
				B89572852572EFAE0026FBC6 /* EventListView.swift */,
			);
			path = EventLog;
			sourceTree = "<group>";
		};
		B8AB84CC25803457005DDA97 /* Guild Preview */ = {
			isa = PBXGroup;
			children = (
				B8AB84B1257EE6E2005DDA97 /* GuildPreviewView.swift */,
			);
			path = "Guild Preview";
			sourceTree = "<group>";
		};
		B8B0D17C2575A12B00B25400 /* Commands */ = {
			isa = PBXGroup;
			children = (
				B8B0D1C82575AABE00B25400 /* Command.swift */,
				B8831B822575674E00749257 /* HeartbeatCommand.swift */,
				B82141D9256E14E0006F5596 /* IdentifyCommand.swift */,
				B8B0D1EA2575B89E00B25400 /* RequestGuildMembersCommand.swift */,
			);
			path = Commands;
			sourceTree = "<group>";
		};
		B8B0D1872575A1EB00B25400 /* Events */ = {
			isa = PBXGroup;
			children = (
				B8B0D1D12575AAD200B25400 /* Event.swift */,
				B82141D0256E1420006F5596 /* DiscordEvent.swift */,
				B89571C3256EC7890026FBC6 /* ReadyPayload.swift */,
				B82141D6256E14C6006F5596 /* HelloPayload.swift */,
			);
			path = Events;
			sourceTree = "<group>";
		};
		B8B0D1DF2575AB0400B25400 /* Common */ = {
			isa = PBXGroup;
			children = (
				B82141BA256E1365006F5596 /* Gateway.swift */,
				B82141D3256E14B9006F5596 /* Guild.swift */,
				B82141C0256E1380006F5596 /* User.swift */,
				B8B0D1F82575BD4C00B25400 /* Snowflake.swift */,
			);
			path = Common;
			sourceTree = "<group>";
		};
/* End PBXGroup section */

/* Begin PBXNativeTarget section */
		B803F446256624EA000866AB /* DiscordVoice */ = {
			isa = PBXNativeTarget;
			buildConfigurationList = B803F44E256624EA000866AB /* Build configuration list for PBXNativeTarget "DiscordVoice" */;
			buildPhases = (
				B803F443256624EA000866AB /* Sources */,
				B803F444256624EA000866AB /* Frameworks */,
				B803F445256624EA000866AB /* CopyFiles */,
			);
			buildRules = (
			);
			dependencies = (
			);
			name = DiscordVoice;
			productName = DiscordVoice;
			productReference = B803F447256624EA000866AB /* DiscordVoice */;
			productType = "com.apple.product-type.tool";
		};
		B89571D42571E9A40026FBC6 /* discord-voice (iOS) */ = {
			isa = PBXNativeTarget;
			buildConfigurationList = B89571FC2571E9A40026FBC6 /* Build configuration list for PBXNativeTarget "discord-voice (iOS)" */;
			buildPhases = (
				B89571D12571E9A40026FBC6 /* Sources */,
				B89571D22571E9A40026FBC6 /* Frameworks */,
				B89571D32571E9A40026FBC6 /* Resources */,
			);
			buildRules = (
			);
			dependencies = (
			);
			name = "discord-voice (iOS)";
			productName = "discord-voice (iOS)";
			productReference = B89571D52571E9A40026FBC6 /* discord-voice.app */;
			productType = "com.apple.product-type.application";
		};
		B89571DB2571E9A40026FBC6 /* discord-voice (macOS) */ = {
			isa = PBXNativeTarget;
			buildConfigurationList = B89571FF2571E9A40026FBC6 /* Build configuration list for PBXNativeTarget "discord-voice (macOS)" */;
			buildPhases = (
				B89571D82571E9A40026FBC6 /* Sources */,
				B89571D92571E9A40026FBC6 /* Frameworks */,
				B89571DA2571E9A40026FBC6 /* Resources */,
			);
			buildRules = (
			);
			dependencies = (
			);
			name = "discord-voice (macOS)";
			productName = "discord-voice (macOS)";
			productReference = B89571DC2571E9A40026FBC6 /* discord-voice.app */;
			productType = "com.apple.product-type.application";
		};
		B89571E32571E9A40026FBC6 /* Tests iOS */ = {
			isa = PBXNativeTarget;
			buildConfigurationList = B89572022571E9A40026FBC6 /* Build configuration list for PBXNativeTarget "Tests iOS" */;
			buildPhases = (
				B89571E02571E9A40026FBC6 /* Sources */,
				B89571E12571E9A40026FBC6 /* Frameworks */,
				B89571E22571E9A40026FBC6 /* Resources */,
			);
			buildRules = (
			);
			dependencies = (
				B89571E62571E9A40026FBC6 /* PBXTargetDependency */,
			);
			name = "Tests iOS";
			productName = "Tests iOS";
			productReference = B89571E42571E9A40026FBC6 /* Tests iOS.xctest */;
			productType = "com.apple.product-type.bundle.ui-testing";
		};
		B89571EE2571E9A40026FBC6 /* Tests macOS */ = {
			isa = PBXNativeTarget;
			buildConfigurationList = B89572052571E9A40026FBC6 /* Build configuration list for PBXNativeTarget "Tests macOS" */;
			buildPhases = (
				B89571EB2571E9A40026FBC6 /* Sources */,
				B89571EC2571E9A40026FBC6 /* Frameworks */,
				B89571ED2571E9A40026FBC6 /* Resources */,
			);
			buildRules = (
			);
			dependencies = (
				B89571F12571E9A40026FBC6 /* PBXTargetDependency */,
			);
			name = "Tests macOS";
			productName = "Tests macOS";
			productReference = B89571EF2571E9A40026FBC6 /* Tests macOS.xctest */;
			productType = "com.apple.product-type.bundle.ui-testing";
		};
/* End PBXNativeTarget section */

/* Begin PBXProject section */
		B803F43F256624EA000866AB /* Project object */ = {
			isa = PBXProject;
			attributes = {
				LastSwiftUpdateCheck = 1220;
				LastUpgradeCheck = 1220;
				TargetAttributes = {
					B803F446256624EA000866AB = {
						CreatedOnToolsVersion = 12.2;
					};
					B89571D42571E9A40026FBC6 = {
						CreatedOnToolsVersion = 12.2;
					};
					B89571DB2571E9A40026FBC6 = {
						CreatedOnToolsVersion = 12.2;
					};
					B89571E32571E9A40026FBC6 = {
						CreatedOnToolsVersion = 12.2;
						TestTargetID = B89571D42571E9A40026FBC6;
					};
					B89571EE2571E9A40026FBC6 = {
						CreatedOnToolsVersion = 12.2;
						TestTargetID = B89571DB2571E9A40026FBC6;
					};
				};
			};
			buildConfigurationList = B803F442256624EA000866AB /* Build configuration list for PBXProject "DiscordVoice" */;
			compatibilityVersion = "Xcode 9.3";
			developmentRegion = en;
			hasScannedForEncodings = 0;
			knownRegions = (
				en,
				Base,
			);
			mainGroup = B803F43E256624EA000866AB;
			productRefGroup = B803F448256624EA000866AB /* Products */;
			projectDirPath = "";
			projectRoot = "";
			targets = (
				B803F446256624EA000866AB /* DiscordVoice */,
				B89571D42571E9A40026FBC6 /* discord-voice (iOS) */,
				B89571DB2571E9A40026FBC6 /* discord-voice (macOS) */,
				B89571E32571E9A40026FBC6 /* Tests iOS */,
				B89571EE2571E9A40026FBC6 /* Tests macOS */,
			);
		};
/* End PBXProject section */

/* Begin PBXResourcesBuildPhase section */
		B89571D32571E9A40026FBC6 /* Resources */ = {
			isa = PBXResourcesBuildPhase;
			buildActionMask = 2147483647;
			files = (
				B89571FA2571E9A40026FBC6 /* Assets.xcassets in Resources */,
			);
			runOnlyForDeploymentPostprocessing = 0;
		};
		B89571DA2571E9A40026FBC6 /* Resources */ = {
			isa = PBXResourcesBuildPhase;
			buildActionMask = 2147483647;
			files = (
				B89571FB2571E9A40026FBC6 /* Assets.xcassets in Resources */,
			);
			runOnlyForDeploymentPostprocessing = 0;
		};
		B89571E22571E9A40026FBC6 /* Resources */ = {
			isa = PBXResourcesBuildPhase;
			buildActionMask = 2147483647;
			files = (
			);
			runOnlyForDeploymentPostprocessing = 0;
		};
		B89571ED2571E9A40026FBC6 /* Resources */ = {
			isa = PBXResourcesBuildPhase;
			buildActionMask = 2147483647;
			files = (
			);
			runOnlyForDeploymentPostprocessing = 0;
		};
/* End PBXResourcesBuildPhase section */

/* Begin PBXSourcesBuildPhase section */
		B803F443256624EA000866AB /* Sources */ = {
			isa = PBXSourcesBuildPhase;
			buildActionMask = 2147483647;
			files = (
				B8CF8C2C25D0B77E0011C7A0 /* GetGuildIconRequest.swift in Sources */,
				B803F44B256624EA000866AB /* main.swift in Sources */,
				B82141B4256E1327006F5596 /* APIRequest.swift in Sources */,
				B82141CA256E13CB006F5596 /* GatewayMessage.swift in Sources */,
				B803F598256AFF56000866AB /* Secrets.swift in Sources */,
				B82141C7256E13A1006F5596 /* DiscordAPI.swift in Sources */,
				B82141C4256E138F006F5596 /* APIClient.swift in Sources */,
				B82141B7256E133B006F5596 /* GetUser.swift in Sources */,
				B82141D7256E14C6006F5596 /* HelloPayload.swift in Sources */,
				B8B0D1EB2575B89E00B25400 /* RequestGuildMembersCommand.swift in Sources */,
				B82141CD256E13FB006F5596 /* Payload.swift in Sources */,
				B82141BB256E1365006F5596 /* Gateway.swift in Sources */,
				B82141BE256E1372006F5596 /* GetGateway.swift in Sources */,
				B8B0D1F92575BD4C00B25400 /* Snowflake.swift in Sources */,
				B8B0D1C92575AABE00B25400 /* Command.swift in Sources */,
				B8B0D1D22575AAD200B25400 /* Event.swift in Sources */,
				B82141C1256E1380006F5596 /* User.swift in Sources */,
				B82141DF256E15BB006F5596 /* DiscordGateway.swift in Sources */,
				B89571C7256F36AA0026FBC6 /* WebSocketGateway.swift in Sources */,
				B89571C4256EC7890026FBC6 /* ReadyPayload.swift in Sources */,
				B89571CA257194FE0026FBC6 /* GetGuildRequest.swift in Sources */,
				B82141D1256E1420006F5596 /* DiscordEvent.swift in Sources */,
				B82141D4256E14B9006F5596 /* Guild.swift in Sources */,
				B8831B832575674E00749257 /* HeartbeatCommand.swift in Sources */,
				B8B0D1C22575A69B00B25400 /* IdentifyCommand.swift in Sources */,
			);
			runOnlyForDeploymentPostprocessing = 0;
		};
		B89571D12571E9A40026FBC6 /* Sources */ = {
			isa = PBXSourcesBuildPhase;
			buildActionMask = 2147483647;
			files = (
				B89572172571EA0E0026FBC6 /* GetGuildRequest.swift in Sources */,
				B89571F82571E9A40026FBC6 /* ContentView.swift in Sources */,
				B895725D2572E3C40026FBC6 /* View+Extensions.swift in Sources */,
				B8B0D1EC2575B89E00B25400 /* RequestGuildMembersCommand.swift in Sources */,
				B89572132571EA0E0026FBC6 /* Secrets.swift in Sources */,
				B8CF8C4125D0BC290011C7A0 /* GetGuildIconRequest.swift in Sources */,
				B8AB850B258411AE005DDA97 /* ConnectionStatusView.swift in Sources */,
				B89572192571EA0E0026FBC6 /* Payload.swift in Sources */,
				B8CF8C5325D0F3E00011C7A0 /* DiscordAPIGateway.swift in Sources */,
				B89572162571EA0E0026FBC6 /* WebSocketGateway.swift in Sources */,
				B8B0D1FA2575BD4C00B25400 /* Snowflake.swift in Sources */,
				B89571F62571E9A40026FBC6 /* discord_voiceApp.swift in Sources */,
				B895721D2571EA0E0026FBC6 /* APIRequest.swift in Sources */,
				B883310925CF5A4F00832538 /* ToastView.swift in Sources */,
				B8CF8C5B25D0F68E0011C7A0 /* VerticallyCenteredLabelImageAlignmentStyle.swift in Sources */,
				B895721E2571EA0E0026FBC6 /* HelloPayload.swift in Sources */,
				B8831B932575685300749257 /* DiscordGateway.swift in Sources */,
				B8B0D1D32575AAD200B25400 /* Event.swift in Sources */,
				B895720F2571EA0E0026FBC6 /* DiscordAPI.swift in Sources */,
				B895721A2571EA0E0026FBC6 /* DiscordEvent.swift in Sources */,
				B8AB84B2257EE6E2005DDA97 /* GuildPreviewView.swift in Sources */,
				B89572142571EA0E0026FBC6 /* Gateway.swift in Sources */,
				B89572932572F5E40026FBC6 /* JsonViewerViewController.swift in Sources */,
				B895721C2571EA0E0026FBC6 /* GetGateway.swift in Sources */,
				B895724F2572E2FF0026FBC6 /* ContentState.swift in Sources */,
				B895720E2571EA0E0026FBC6 /* Guild.swift in Sources */,
				B8B0D1CA2575AABE00B25400 /* Command.swift in Sources */,
				B89572102571EA0E0026FBC6 /* APIClient.swift in Sources */,
				B8831B9F2575685700749257 /* HeartbeatCommand.swift in Sources */,
				B8B0D1C12575A69A00B25400 /* IdentifyCommand.swift in Sources */,
				B89572182571EA0E0026FBC6 /* GetUser.swift in Sources */,
				B895721B2571EA0E0026FBC6 /* ReadyPayload.swift in Sources */,
				B89572122571EA0E0026FBC6 /* GatewayMessage.swift in Sources */,
				B89572112571EA0E0026FBC6 /* User.swift in Sources */,
				B89572862572EFAE0026FBC6 /* EventListView.swift in Sources */,
			);
			runOnlyForDeploymentPostprocessing = 0;
		};
		B89571D82571E9A40026FBC6 /* Sources */ = {
			isa = PBXSourcesBuildPhase;
			buildActionMask = 2147483647;
			files = (
				B895722E2571EA0E0026FBC6 /* GetGuildRequest.swift in Sources */,
				B89571F92571E9A40026FBC6 /* ContentView.swift in Sources */,
				B89572632572E3C40026FBC6 /* View+Extensions.swift in Sources */,
				B8B0D1ED2575B89E00B25400 /* RequestGuildMembersCommand.swift in Sources */,
				B8B0D1AB2575A44C00B25400 /* Payload.swift in Sources */,
				B8CF8C4725D0BC290011C7A0 /* GetGuildIconRequest.swift in Sources */,
				B8AB850C258411AE005DDA97 /* ConnectionStatusView.swift in Sources */,
				B895722A2571EA0E0026FBC6 /* Secrets.swift in Sources */,
				B8CF8C5425D0F3E00011C7A0 /* DiscordAPIGateway.swift in Sources */,
				B895722D2571EA0E0026FBC6 /* WebSocketGateway.swift in Sources */,
				B8B0D1FB2575BD4C00B25400 /* Snowflake.swift in Sources */,
				B89571F72571E9A40026FBC6 /* discord_voiceApp.swift in Sources */,
				B89572342571EA0E0026FBC6 /* APIRequest.swift in Sources */,
				B883310A25CF5A4F00832538 /* ToastView.swift in Sources */,
				B8CF8C5C25D0F68E0011C7A0 /* VerticallyCenteredLabelImageAlignmentStyle.swift in Sources */,
				B89572352571EA0E0026FBC6 /* HelloPayload.swift in Sources */,
				B8831B992575685400749257 /* DiscordGateway.swift in Sources */,
				B8B0D1D42575AAD200B25400 /* Event.swift in Sources */,
				B89572262571EA0E0026FBC6 /* DiscordAPI.swift in Sources */,
				B89572312571EA0E0026FBC6 /* DiscordEvent.swift in Sources */,
				B8AB84B3257EE6E2005DDA97 /* GuildPreviewView.swift in Sources */,
				B895722B2571EA0E0026FBC6 /* Gateway.swift in Sources */,
				B89572942572F5E40026FBC6 /* JsonViewerViewController.swift in Sources */,
				B89572332571EA0E0026FBC6 /* GetGateway.swift in Sources */,
				B89572492572E2FE0026FBC6 /* ContentState.swift in Sources */,
				B89572252571EA0E0026FBC6 /* Guild.swift in Sources */,
				B8B0D1CB2575AABE00B25400 /* Command.swift in Sources */,
				B89572272571EA0E0026FBC6 /* APIClient.swift in Sources */,
				B8831BA52575685800749257 /* HeartbeatCommand.swift in Sources */,
				B8B0D1C02575A69A00B25400 /* IdentifyCommand.swift in Sources */,
				B895722F2571EA0E0026FBC6 /* GetUser.swift in Sources */,
				B89572322571EA0E0026FBC6 /* ReadyPayload.swift in Sources */,
				B89572292571EA0E0026FBC6 /* GatewayMessage.swift in Sources */,
				B89572282571EA0E0026FBC6 /* User.swift in Sources */,
				B89572872572EFAE0026FBC6 /* EventListView.swift in Sources */,
			);
			runOnlyForDeploymentPostprocessing = 0;
		};
		B89571E02571E9A40026FBC6 /* Sources */ = {
			isa = PBXSourcesBuildPhase;
			buildActionMask = 2147483647;
			files = (
				B89571E92571E9A40026FBC6 /* Tests_iOS.swift in Sources */,
			);
			runOnlyForDeploymentPostprocessing = 0;
		};
		B89571EB2571E9A40026FBC6 /* Sources */ = {
			isa = PBXSourcesBuildPhase;
			buildActionMask = 2147483647;
			files = (
				B89571F42571E9A40026FBC6 /* Tests_macOS.swift in Sources */,
			);
			runOnlyForDeploymentPostprocessing = 0;
		};
/* End PBXSourcesBuildPhase section */

/* Begin PBXTargetDependency section */
		B89571E62571E9A40026FBC6 /* PBXTargetDependency */ = {
			isa = PBXTargetDependency;
			target = B89571D42571E9A40026FBC6 /* discord-voice (iOS) */;
			targetProxy = B89571E52571E9A40026FBC6 /* PBXContainerItemProxy */;
		};
		B89571F12571E9A40026FBC6 /* PBXTargetDependency */ = {
			isa = PBXTargetDependency;
			target = B89571DB2571E9A40026FBC6 /* discord-voice (macOS) */;
			targetProxy = B89571F02571E9A40026FBC6 /* PBXContainerItemProxy */;
		};
/* End PBXTargetDependency section */

/* Begin XCBuildConfiguration section */
		B803F44C256624EA000866AB /* Debug */ = {
			isa = XCBuildConfiguration;
			buildSettings = {
				ALWAYS_SEARCH_USER_PATHS = NO;
				CLANG_ANALYZER_NONNULL = YES;
				CLANG_ANALYZER_NUMBER_OBJECT_CONVERSION = YES_AGGRESSIVE;
				CLANG_CXX_LANGUAGE_STANDARD = "gnu++14";
				CLANG_CXX_LIBRARY = "libc++";
				CLANG_ENABLE_MODULES = YES;
				CLANG_ENABLE_OBJC_ARC = YES;
				CLANG_ENABLE_OBJC_WEAK = YES;
				CLANG_WARN_BLOCK_CAPTURE_AUTORELEASING = YES;
				CLANG_WARN_BOOL_CONVERSION = YES;
				CLANG_WARN_COMMA = YES;
				CLANG_WARN_CONSTANT_CONVERSION = YES;
				CLANG_WARN_DEPRECATED_OBJC_IMPLEMENTATIONS = YES;
				CLANG_WARN_DIRECT_OBJC_ISA_USAGE = YES_ERROR;
				CLANG_WARN_DOCUMENTATION_COMMENTS = YES;
				CLANG_WARN_EMPTY_BODY = YES;
				CLANG_WARN_ENUM_CONVERSION = YES;
				CLANG_WARN_INFINITE_RECURSION = YES;
				CLANG_WARN_INT_CONVERSION = YES;
				CLANG_WARN_NON_LITERAL_NULL_CONVERSION = YES;
				CLANG_WARN_OBJC_IMPLICIT_RETAIN_SELF = YES;
				CLANG_WARN_OBJC_LITERAL_CONVERSION = YES;
				CLANG_WARN_OBJC_ROOT_CLASS = YES_ERROR;
				CLANG_WARN_QUOTED_INCLUDE_IN_FRAMEWORK_HEADER = YES;
				CLANG_WARN_RANGE_LOOP_ANALYSIS = YES;
				CLANG_WARN_STRICT_PROTOTYPES = YES;
				CLANG_WARN_SUSPICIOUS_MOVE = YES;
				CLANG_WARN_UNGUARDED_AVAILABILITY = YES_AGGRESSIVE;
				CLANG_WARN_UNREACHABLE_CODE = YES;
				CLANG_WARN__DUPLICATE_METHOD_MATCH = YES;
				COPY_PHASE_STRIP = NO;
				DEBUG_INFORMATION_FORMAT = dwarf;
				ENABLE_STRICT_OBJC_MSGSEND = YES;
				ENABLE_TESTABILITY = YES;
				GCC_C_LANGUAGE_STANDARD = gnu11;
				GCC_DYNAMIC_NO_PIC = NO;
				GCC_NO_COMMON_BLOCKS = YES;
				GCC_OPTIMIZATION_LEVEL = 0;
				GCC_PREPROCESSOR_DEFINITIONS = (
					"DEBUG=1",
					"$(inherited)",
				);
				GCC_WARN_64_TO_32_BIT_CONVERSION = YES;
				GCC_WARN_ABOUT_RETURN_TYPE = YES_ERROR;
				GCC_WARN_UNDECLARED_SELECTOR = YES;
				GCC_WARN_UNINITIALIZED_AUTOS = YES_AGGRESSIVE;
				GCC_WARN_UNUSED_FUNCTION = YES;
				GCC_WARN_UNUSED_VARIABLE = YES;
				MACOSX_DEPLOYMENT_TARGET = 10.15;
				MTL_ENABLE_DEBUG_INFO = INCLUDE_SOURCE;
				MTL_FAST_MATH = YES;
				ONLY_ACTIVE_ARCH = YES;
				SDKROOT = macosx;
				SWIFT_ACTIVE_COMPILATION_CONDITIONS = DEBUG;
				SWIFT_OPTIMIZATION_LEVEL = "-Onone";
			};
			name = Debug;
		};
		B803F44D256624EA000866AB /* Release */ = {
			isa = XCBuildConfiguration;
			buildSettings = {
				ALWAYS_SEARCH_USER_PATHS = NO;
				CLANG_ANALYZER_NONNULL = YES;
				CLANG_ANALYZER_NUMBER_OBJECT_CONVERSION = YES_AGGRESSIVE;
				CLANG_CXX_LANGUAGE_STANDARD = "gnu++14";
				CLANG_CXX_LIBRARY = "libc++";
				CLANG_ENABLE_MODULES = YES;
				CLANG_ENABLE_OBJC_ARC = YES;
				CLANG_ENABLE_OBJC_WEAK = YES;
				CLANG_WARN_BLOCK_CAPTURE_AUTORELEASING = YES;
				CLANG_WARN_BOOL_CONVERSION = YES;
				CLANG_WARN_COMMA = YES;
				CLANG_WARN_CONSTANT_CONVERSION = YES;
				CLANG_WARN_DEPRECATED_OBJC_IMPLEMENTATIONS = YES;
				CLANG_WARN_DIRECT_OBJC_ISA_USAGE = YES_ERROR;
				CLANG_WARN_DOCUMENTATION_COMMENTS = YES;
				CLANG_WARN_EMPTY_BODY = YES;
				CLANG_WARN_ENUM_CONVERSION = YES;
				CLANG_WARN_INFINITE_RECURSION = YES;
				CLANG_WARN_INT_CONVERSION = YES;
				CLANG_WARN_NON_LITERAL_NULL_CONVERSION = YES;
				CLANG_WARN_OBJC_IMPLICIT_RETAIN_SELF = YES;
				CLANG_WARN_OBJC_LITERAL_CONVERSION = YES;
				CLANG_WARN_OBJC_ROOT_CLASS = YES_ERROR;
				CLANG_WARN_QUOTED_INCLUDE_IN_FRAMEWORK_HEADER = YES;
				CLANG_WARN_RANGE_LOOP_ANALYSIS = YES;
				CLANG_WARN_STRICT_PROTOTYPES = YES;
				CLANG_WARN_SUSPICIOUS_MOVE = YES;
				CLANG_WARN_UNGUARDED_AVAILABILITY = YES_AGGRESSIVE;
				CLANG_WARN_UNREACHABLE_CODE = YES;
				CLANG_WARN__DUPLICATE_METHOD_MATCH = YES;
				COPY_PHASE_STRIP = NO;
				DEBUG_INFORMATION_FORMAT = "dwarf-with-dsym";
				ENABLE_NS_ASSERTIONS = NO;
				ENABLE_STRICT_OBJC_MSGSEND = YES;
				GCC_C_LANGUAGE_STANDARD = gnu11;
				GCC_NO_COMMON_BLOCKS = YES;
				GCC_WARN_64_TO_32_BIT_CONVERSION = YES;
				GCC_WARN_ABOUT_RETURN_TYPE = YES_ERROR;
				GCC_WARN_UNDECLARED_SELECTOR = YES;
				GCC_WARN_UNINITIALIZED_AUTOS = YES_AGGRESSIVE;
				GCC_WARN_UNUSED_FUNCTION = YES;
				GCC_WARN_UNUSED_VARIABLE = YES;
				MACOSX_DEPLOYMENT_TARGET = 10.15;
				MTL_ENABLE_DEBUG_INFO = NO;
				MTL_FAST_MATH = YES;
				SDKROOT = macosx;
				SWIFT_COMPILATION_MODE = wholemodule;
				SWIFT_OPTIMIZATION_LEVEL = "-O";
			};
			name = Release;
		};
		B803F44F256624EA000866AB /* Debug */ = {
			isa = XCBuildConfiguration;
			buildSettings = {
				CODE_SIGN_STYLE = Automatic;
				DEVELOPMENT_TEAM = GZZH6JZ9Q5;
				ENABLE_HARDENED_RUNTIME = YES;
				PRODUCT_NAME = "$(TARGET_NAME)";
				SWIFT_VERSION = 5.0;
			};
			name = Debug;
		};
		B803F450256624EA000866AB /* Release */ = {
			isa = XCBuildConfiguration;
			buildSettings = {
				CODE_SIGN_STYLE = Automatic;
				DEVELOPMENT_TEAM = GZZH6JZ9Q5;
				ENABLE_HARDENED_RUNTIME = YES;
				PRODUCT_NAME = "$(TARGET_NAME)";
				SWIFT_VERSION = 5.0;
			};
			name = Release;
		};
		B89571FD2571E9A40026FBC6 /* Debug */ = {
			isa = XCBuildConfiguration;
			buildSettings = {
				ASSETCATALOG_COMPILER_APPICON_NAME = AppIcon;
				ASSETCATALOG_COMPILER_GLOBAL_ACCENT_COLOR_NAME = AccentColor;
				CODE_SIGN_STYLE = Automatic;
				DEVELOPMENT_TEAM = GZZH6JZ9Q5;
				ENABLE_PREVIEWS = YES;
				INFOPLIST_FILE = App/iOS/Info.plist;
				IPHONEOS_DEPLOYMENT_TARGET = 14.0;
				LD_RUNPATH_SEARCH_PATHS = (
					"$(inherited)",
					"@executable_path/Frameworks",
				);
				PRODUCT_BUNDLE_IDENTIFIER = "com.patrickgatewood.discord-voice";
				PRODUCT_NAME = "discord-voice";
				SDKROOT = iphoneos;
				SWIFT_VERSION = 5.0;
				TARGETED_DEVICE_FAMILY = "1,2";
			};
			name = Debug;
		};
		B89571FE2571E9A40026FBC6 /* Release */ = {
			isa = XCBuildConfiguration;
			buildSettings = {
				ASSETCATALOG_COMPILER_APPICON_NAME = AppIcon;
				ASSETCATALOG_COMPILER_GLOBAL_ACCENT_COLOR_NAME = AccentColor;
				CODE_SIGN_STYLE = Automatic;
				DEVELOPMENT_TEAM = GZZH6JZ9Q5;
				ENABLE_PREVIEWS = YES;
				INFOPLIST_FILE = App/iOS/Info.plist;
				IPHONEOS_DEPLOYMENT_TARGET = 14.0;
				LD_RUNPATH_SEARCH_PATHS = (
					"$(inherited)",
					"@executable_path/Frameworks",
				);
				PRODUCT_BUNDLE_IDENTIFIER = "com.patrickgatewood.discord-voice";
				PRODUCT_NAME = "discord-voice";
				SDKROOT = iphoneos;
				SWIFT_VERSION = 5.0;
				TARGETED_DEVICE_FAMILY = "1,2";
				VALIDATE_PRODUCT = YES;
			};
			name = Release;
		};
		B89572002571E9A40026FBC6 /* Debug */ = {
			isa = XCBuildConfiguration;
			buildSettings = {
				ASSETCATALOG_COMPILER_APPICON_NAME = AppIcon;
				ASSETCATALOG_COMPILER_GLOBAL_ACCENT_COLOR_NAME = AccentColor;
				CODE_SIGN_ENTITLEMENTS = App/macOS/macOS.entitlements;
				CODE_SIGN_STYLE = Automatic;
				COMBINE_HIDPI_IMAGES = YES;
				DEVELOPMENT_TEAM = GZZH6JZ9Q5;
				ENABLE_HARDENED_RUNTIME = YES;
				ENABLE_PREVIEWS = YES;
				INFOPLIST_FILE = App/macOS/Info.plist;
				LD_RUNPATH_SEARCH_PATHS = (
					"$(inherited)",
					"@executable_path/../Frameworks",
				);
				MACOSX_DEPLOYMENT_TARGET = 11.0;
				PRODUCT_BUNDLE_IDENTIFIER = "com.patrickgatewood.discord-voice";
				PRODUCT_NAME = "discord-voice";
				SDKROOT = macosx;
				SWIFT_VERSION = 5.0;
			};
			name = Debug;
		};
		B89572012571E9A40026FBC6 /* Release */ = {
			isa = XCBuildConfiguration;
			buildSettings = {
				ASSETCATALOG_COMPILER_APPICON_NAME = AppIcon;
				ASSETCATALOG_COMPILER_GLOBAL_ACCENT_COLOR_NAME = AccentColor;
				CODE_SIGN_ENTITLEMENTS = App/macOS/macOS.entitlements;
				CODE_SIGN_STYLE = Automatic;
				COMBINE_HIDPI_IMAGES = YES;
				DEVELOPMENT_TEAM = GZZH6JZ9Q5;
				ENABLE_HARDENED_RUNTIME = YES;
				ENABLE_PREVIEWS = YES;
				INFOPLIST_FILE = App/macOS/Info.plist;
				LD_RUNPATH_SEARCH_PATHS = (
					"$(inherited)",
					"@executable_path/../Frameworks",
				);
				MACOSX_DEPLOYMENT_TARGET = 11.0;
				PRODUCT_BUNDLE_IDENTIFIER = "com.patrickgatewood.discord-voice";
				PRODUCT_NAME = "discord-voice";
				SDKROOT = macosx;
				SWIFT_VERSION = 5.0;
			};
			name = Release;
		};
		B89572032571E9A40026FBC6 /* Debug */ = {
			isa = XCBuildConfiguration;
			buildSettings = {
				ALWAYS_EMBED_SWIFT_STANDARD_LIBRARIES = YES;
				CODE_SIGN_STYLE = Automatic;
				DEVELOPMENT_TEAM = GZZH6JZ9Q5;
				INFOPLIST_FILE = "Tests iOS/Info.plist";
				IPHONEOS_DEPLOYMENT_TARGET = 14.2;
				LD_RUNPATH_SEARCH_PATHS = (
					"$(inherited)",
					"@executable_path/Frameworks",
					"@loader_path/Frameworks",
				);
				PRODUCT_BUNDLE_IDENTIFIER = "com.patrickgatewood.Tests-iOS";
				PRODUCT_NAME = "$(TARGET_NAME)";
				SDKROOT = iphoneos;
				SWIFT_VERSION = 5.0;
				TARGETED_DEVICE_FAMILY = "1,2";
				TEST_TARGET_NAME = "discord-voice (iOS)";
			};
			name = Debug;
		};
		B89572042571E9A40026FBC6 /* Release */ = {
			isa = XCBuildConfiguration;
			buildSettings = {
				ALWAYS_EMBED_SWIFT_STANDARD_LIBRARIES = YES;
				CODE_SIGN_STYLE = Automatic;
				DEVELOPMENT_TEAM = GZZH6JZ9Q5;
				INFOPLIST_FILE = "Tests iOS/Info.plist";
				IPHONEOS_DEPLOYMENT_TARGET = 14.2;
				LD_RUNPATH_SEARCH_PATHS = (
					"$(inherited)",
					"@executable_path/Frameworks",
					"@loader_path/Frameworks",
				);
				PRODUCT_BUNDLE_IDENTIFIER = "com.patrickgatewood.Tests-iOS";
				PRODUCT_NAME = "$(TARGET_NAME)";
				SDKROOT = iphoneos;
				SWIFT_VERSION = 5.0;
				TARGETED_DEVICE_FAMILY = "1,2";
				TEST_TARGET_NAME = "discord-voice (iOS)";
				VALIDATE_PRODUCT = YES;
			};
			name = Release;
		};
		B89572062571E9A40026FBC6 /* Debug */ = {
			isa = XCBuildConfiguration;
			buildSettings = {
				ALWAYS_EMBED_SWIFT_STANDARD_LIBRARIES = YES;
				CODE_SIGN_STYLE = Automatic;
				COMBINE_HIDPI_IMAGES = YES;
				DEVELOPMENT_TEAM = GZZH6JZ9Q5;
				INFOPLIST_FILE = "Tests macOS/Info.plist";
				LD_RUNPATH_SEARCH_PATHS = (
					"$(inherited)",
					"@executable_path/../Frameworks",
					"@loader_path/../Frameworks",
				);
				PRODUCT_BUNDLE_IDENTIFIER = "com.patrickgatewood.Tests-macOS";
				PRODUCT_NAME = "$(TARGET_NAME)";
				SWIFT_VERSION = 5.0;
				TEST_TARGET_NAME = "discord-voice (macOS)";
			};
			name = Debug;
		};
		B89572072571E9A40026FBC6 /* Release */ = {
			isa = XCBuildConfiguration;
			buildSettings = {
				ALWAYS_EMBED_SWIFT_STANDARD_LIBRARIES = YES;
				CODE_SIGN_STYLE = Automatic;
				COMBINE_HIDPI_IMAGES = YES;
				DEVELOPMENT_TEAM = GZZH6JZ9Q5;
				INFOPLIST_FILE = "Tests macOS/Info.plist";
				LD_RUNPATH_SEARCH_PATHS = (
					"$(inherited)",
					"@executable_path/../Frameworks",
					"@loader_path/../Frameworks",
				);
				PRODUCT_BUNDLE_IDENTIFIER = "com.patrickgatewood.Tests-macOS";
				PRODUCT_NAME = "$(TARGET_NAME)";
				SWIFT_VERSION = 5.0;
				TEST_TARGET_NAME = "discord-voice (macOS)";
			};
			name = Release;
		};
/* End XCBuildConfiguration section */

/* Begin XCConfigurationList section */
		B803F442256624EA000866AB /* Build configuration list for PBXProject "DiscordVoice" */ = {
			isa = XCConfigurationList;
			buildConfigurations = (
				B803F44C256624EA000866AB /* Debug */,
				B803F44D256624EA000866AB /* Release */,
			);
			defaultConfigurationIsVisible = 0;
			defaultConfigurationName = Release;
		};
		B803F44E256624EA000866AB /* Build configuration list for PBXNativeTarget "DiscordVoice" */ = {
			isa = XCConfigurationList;
			buildConfigurations = (
				B803F44F256624EA000866AB /* Debug */,
				B803F450256624EA000866AB /* Release */,
			);
			defaultConfigurationIsVisible = 0;
			defaultConfigurationName = Release;
		};
		B89571FC2571E9A40026FBC6 /* Build configuration list for PBXNativeTarget "discord-voice (iOS)" */ = {
			isa = XCConfigurationList;
			buildConfigurations = (
				B89571FD2571E9A40026FBC6 /* Debug */,
				B89571FE2571E9A40026FBC6 /* Release */,
			);
			defaultConfigurationIsVisible = 0;
			defaultConfigurationName = Release;
		};
		B89571FF2571E9A40026FBC6 /* Build configuration list for PBXNativeTarget "discord-voice (macOS)" */ = {
			isa = XCConfigurationList;
			buildConfigurations = (
				B89572002571E9A40026FBC6 /* Debug */,
				B89572012571E9A40026FBC6 /* Release */,
			);
			defaultConfigurationIsVisible = 0;
			defaultConfigurationName = Release;
		};
		B89572022571E9A40026FBC6 /* Build configuration list for PBXNativeTarget "Tests iOS" */ = {
			isa = XCConfigurationList;
			buildConfigurations = (
				B89572032571E9A40026FBC6 /* Debug */,
				B89572042571E9A40026FBC6 /* Release */,
			);
			defaultConfigurationIsVisible = 0;
			defaultConfigurationName = Release;
		};
		B89572052571E9A40026FBC6 /* Build configuration list for PBXNativeTarget "Tests macOS" */ = {
			isa = XCConfigurationList;
			buildConfigurations = (
				B89572062571E9A40026FBC6 /* Debug */,
				B89572072571E9A40026FBC6 /* Release */,
			);
			defaultConfigurationIsVisible = 0;
			defaultConfigurationName = Release;
		};
/* End XCConfigurationList section */
	};
	rootObject = B803F43F256624EA000866AB /* Project object */;
}
